// !$*UTF8*$!
{
	archiveVersion = 1;
	classes = {
	};
	objectVersion = 70;
	objects = {

/* Begin PBXBuildFile section */
		0E4B2A91649804D2E740AFAB /* SyncTokenPlugin.swift in Sources */ = {isa = PBXBuildFile; fileRef = 3BC11B8425F6F67ADE9DEBF5 /* SyncTokenPlugin.swift */; };
		0EC6850581A02526C4154886 /* HealthKitPlugin.swift in Sources */ = {isa = PBXBuildFile; fileRef = 41E81FC7A2B6F1AE1D7C41F3 /* HealthKitPlugin.swift */; };
		2FAD9763203C412B000D30F8 /* config.xml in Resources */ = {isa = PBXBuildFile; fileRef = 2FAD9762203C412B000D30F8 /* config.xml */; };
		4D22ABE92AF431CB00220026 /* CapApp-SPM in Frameworks */ = {isa = PBXBuildFile; productRef = 4D22ABE82AF431CB00220026 /* CapApp-SPM */; };
		50379B232058CBB4000EE86E /* capacitor.config.json in Resources */ = {isa = PBXBuildFile; fileRef = 50379B222058CBB4000EE86E /* capacitor.config.json */; };
		504EC3081FED79650016851F /* AppDelegate.swift in Sources */ = {isa = PBXBuildFile; fileRef = 504EC3071FED79650016851F /* AppDelegate.swift */; };
		504EC30D1FED79650016851F /* Main.storyboard in Resources */ = {isa = PBXBuildFile; fileRef = 504EC30B1FED79650016851F /* Main.storyboard */; };
		504EC30F1FED79650016851F /* Assets.xcassets in Resources */ = {isa = PBXBuildFile; fileRef = 504EC30E1FED79650016851F /* Assets.xcassets */; };
		504EC3121FED79650016851F /* LaunchScreen.storyboard in Resources */ = {isa = PBXBuildFile; fileRef = 504EC3101FED79650016851F /* LaunchScreen.storyboard */; };
		50B271D11FEDC1A000F3C39B /* public in Resources */ = {isa = PBXBuildFile; fileRef = 50B271D01FEDC1A000F3C39B /* public */; };
		63E6C145EEC1412536B5F9F9 /* BackgroundSyncManager.swift in Sources */ = {isa = PBXBuildFile; fileRef = 19558FA5A94803F3678CB309 /* BackgroundSyncManager.swift */; };
		7D97728F8A4E369EBBCDFB3D /* HealthKit.framework in Frameworks */ = {isa = PBXBuildFile; fileRef = 241C812FAA07DEA7AD75E4B4 /* HealthKit.framework */; };
		830B29182FFD4BCE0011558E /* WidgetKit.framework in Frameworks */ = {isa = PBXBuildFile; fileRef = 8316D18E2FFD11FC00B74FDF /* WidgetKit.framework */; };
		830B29192FFD4BCE0011558E /* SwiftUI.framework in Frameworks */ = {isa = PBXBuildFile; fileRef = 8316D1902FFD11FC00B74FDF /* SwiftUI.framework */; };
		830B29262FFD4BCF0011558E /* FitTrackComplicationExtension.appex in Embed Foundation Extensions */ = {isa = PBXBuildFile; fileRef = 830B29172FFD4BCE0011558E /* FitTrackComplicationExtension.appex */; settings = {ATTRIBUTES = (RemoveHeadersOnCopy, ); }; };
		8316D18F2FFD11FC00B74FDF /* WidgetKit.framework in Frameworks */ = {isa = PBXBuildFile; fileRef = 8316D18E2FFD11FC00B74FDF /* WidgetKit.framework */; };
		8316D1912FFD11FC00B74FDF /* SwiftUI.framework in Frameworks */ = {isa = PBXBuildFile; fileRef = 8316D1902FFD11FC00B74FDF /* SwiftUI.framework */; };
		8316D1A22FFD11FE00B74FDF /* RestTimerWidgetExtension.appex in Embed Foundation Extensions */ = {isa = PBXBuildFile; fileRef = 8316D18D2FFD11FC00B74FDF /* RestTimerWidgetExtension.appex */; settings = {ATTRIBUTES = (RemoveHeadersOnCopy, ); }; };
		83B3EA442FFD3C0200CC951E /* FitTrackWatch Watch App.app in Embed Watch Content */ = {isa = PBXBuildFile; fileRef = 83B3EA3A2FFD3C0100CC951E /* FitTrackWatch Watch App.app */; settings = {ATTRIBUTES = (RemoveHeadersOnCopy, ); }; };
		9F1E2D3C4B5A6978869F0E11 /* HealthKit.framework in Frameworks */ = {isa = PBXBuildFile; fileRef = 241C812FAA07DEA7AD75E4B4 /* HealthKit.framework */; };
		A19E2C4B3D5F6A7B8C9D0E1F /* WatchAPIProxy.swift in Sources */ = {isa = PBXBuildFile; fileRef = B29E2C4B3D5F6A7B8C9D0E1F /* WatchAPIProxy.swift */; };
		A3AD012C32E9B00A71BE0247 /* WidgetKit.framework in Frameworks */ = {isa = PBXBuildFile; fileRef = 8316D18E2FFD11FC00B74FDF /* WidgetKit.framework */; };
		AA11BB22CC33DD44EE55FF02 /* RestTimerActivityPlugin.swift in Sources */ = {isa = PBXBuildFile; fileRef = AA11BB22CC33DD44EE55FF01 /* RestTimerActivityPlugin.swift */; };
		AA11BB22CC33DD44EE55FF04 /* ../RestTimerWidget/RestTimerWidgetAttributes.swift in Sources */ = {isa = PBXBuildFile; fileRef = AA11BB22CC33DD44EE55FF03 /* ../RestTimerWidget/RestTimerWidgetAttributes.swift */; };
		AA11BB22CC33DD44EE55FF06 /* MainViewController.swift in Sources */ = {isa = PBXBuildFile; fileRef = AA11BB22CC33DD44EE55FF05 /* MainViewController.swift */; };
		AA11BB22CC33DD44EE55FF0A /* ../RestTimerWidget/AdjustRestTimerIntent.swift in Sources */ = {isa = PBXBuildFile; fileRef = AA11BB22CC33DD44EE55FF09 /* ../RestTimerWidget/AdjustRestTimerIntent.swift */; };
		AA11BB22CC33DD44EE55FF0C /* RestTimerAppShortcuts.swift in Sources */ = {isa = PBXBuildFile; fileRef = AA11BB22CC33DD44EE55FF0B /* RestTimerAppShortcuts.swift */; };
		B37394D1BBAFEEE2853C4204 /* SharedDataPlugin.swift in Sources */ = {isa = PBXBuildFile; fileRef = 42D146C0D81D9C9989C9E01F /* SharedDataPlugin.swift */; };
		CD01AA1100000000000000B1 /* CardioLiveRelay.swift in Sources */ = {isa = PBXBuildFile; fileRef = CD01AA1100000000000000A1 /* CardioLiveRelay.swift */; };
		CD01AA1100000000000000B2 /* CardioPipContentView.swift in Sources */ = {isa = PBXBuildFile; fileRef = CD01AA1100000000000000A2 /* CardioPipContentView.swift */; };
		CD01AA1100000000000000B3 /* CardioPictureInPicturePlugin.swift in Sources */ = {isa = PBXBuildFile; fileRef = CD01AA1100000000000000A3 /* CardioPictureInPicturePlugin.swift */; };
		CD01AA1100000000000000B7 /* NativeAuthTokenPlugin.swift in Sources */ = {isa = PBXBuildFile; fileRef = CD01AA1100000000000000A7 /* NativeAuthTokenPlugin.swift */; };
		CD01AA1100000000000000B4 /* AVKit.framework in Frameworks */ = {isa = PBXBuildFile; fileRef = CD01AA1100000000000000A4 /* AVKit.framework */; };
		CD01AA1100000000000000B5 /* AVFoundation.framework in Frameworks */ = {isa = PBXBuildFile; fileRef = CD01AA1100000000000000A5 /* AVFoundation.framework */; };
		CD01AA1100000000000000B6 /* SceneDelegate.swift in Sources */ = {isa = PBXBuildFile; fileRef = CD01AA1100000000000000A6 /* SceneDelegate.swift */; };
		DE81AFC34ECCF2849D0B5C36 /* BiometricLockPlugin.swift in Sources */ = {isa = PBXBuildFile; fileRef = D01C07473DEAE926EBB487E0 /* BiometricLockPlugin.swift */; };
		F43ED9D36FDFEF1893ED2917 /* WatchConnectivityPlugin.swift in Sources */ = {isa = PBXBuildFile; fileRef = 0C48EF5489B726207CD3A6EB /* WatchConnectivityPlugin.swift */; };
		FC5CCC552F02B0142759F285 /* SyncTokenStore.swift in Sources */ = {isa = PBXBuildFile; fileRef = 7AB29A1B6FE92831C897693B /* SyncTokenStore.swift */; };
/* End PBXBuildFile section */

/* Begin PBXContainerItemProxy section */
		830B29242FFD4BCF0011558E /* PBXContainerItemProxy */ = {
			isa = PBXContainerItemProxy;
			containerPortal = 504EC2FC1FED79650016851F /* Project object */;
			proxyType = 1;
			remoteGlobalIDString = 830B29162FFD4BCE0011558E;
			remoteInfo = FitTrackComplicationExtension;
		};
		8316D1A02FFD11FE00B74FDF /* PBXContainerItemProxy */ = {
			isa = PBXContainerItemProxy;
			containerPortal = 504EC2FC1FED79650016851F /* Project object */;
			proxyType = 1;
			remoteGlobalIDString = 8316D18C2FFD11FC00B74FDF;
			remoteInfo = RestTimerWidgetExtension;
		};
		83B3EA422FFD3C0200CC951E /* PBXContainerItemProxy */ = {
			isa = PBXContainerItemProxy;
			containerPortal = 504EC2FC1FED79650016851F /* Project object */;
			proxyType = 1;
			remoteGlobalIDString = 83B3EA392FFD3C0100CC951E;
			remoteInfo = "FitTrackWatch Watch App";
		};
/* End PBXContainerItemProxy section */

/* Begin PBXCopyFilesBuildPhase section */
		830B29272FFD4BCF0011558E /* Embed Foundation Extensions */ = {
			isa = PBXCopyFilesBuildPhase;
			buildActionMask = 2147483647;
			dstPath = "";
			dstSubfolderSpec = 13;
			files = (
				830B29262FFD4BCF0011558E /* FitTrackComplicationExtension.appex in Embed Foundation Extensions */,
			);
			name = "Embed Foundation Extensions";
			runOnlyForDeploymentPostprocessing = 0;
		};
		8316D1A32FFD11FE00B74FDF /* Embed Foundation Extensions */ = {
			isa = PBXCopyFilesBuildPhase;
			buildActionMask = 2147483647;
			dstPath = "";
			dstSubfolderSpec = 13;
			files = (
				8316D1A22FFD11FE00B74FDF /* RestTimerWidgetExtension.appex in Embed Foundation Extensions */,
			);
			name = "Embed Foundation Extensions";
			runOnlyForDeploymentPostprocessing = 0;
		};
		83B3EA452FFD3C0200CC951E /* Embed Watch Content */ = {
			isa = PBXCopyFilesBuildPhase;
			buildActionMask = 2147483647;
			dstPath = "$(CONTENTS_FOLDER_PATH)/Watch";
			dstSubfolderSpec = 16;
			files = (
				83B3EA442FFD3C0200CC951E /* FitTrackWatch Watch App.app in Embed Watch Content */,
			);
			name = "Embed Watch Content";
			runOnlyForDeploymentPostprocessing = 0;
		};
/* End PBXCopyFilesBuildPhase section */

/* Begin PBXFileReference section */
		0C48EF5489B726207CD3A6EB /* WatchConnectivityPlugin.swift */ = {isa = PBXFileReference; lastKnownFileType = sourcecode.swift; path = WatchConnectivityPlugin.swift; sourceTree = "<group>"; };
		19558FA5A94803F3678CB309 /* BackgroundSyncManager.swift */ = {isa = PBXFileReference; lastKnownFileType = sourcecode.swift; path = BackgroundSyncManager.swift; sourceTree = "<group>"; };
		241C812FAA07DEA7AD75E4B4 /* HealthKit.framework */ = {isa = PBXFileReference; lastKnownFileType = wrapper.framework; name = HealthKit.framework; path = System/Library/Frameworks/HealthKit.framework; sourceTree = SDKROOT; };
		2FAD9762203C412B000D30F8 /* config.xml */ = {isa = PBXFileReference; lastKnownFileType = text.xml; path = config.xml; sourceTree = "<group>"; };
		3BC11B8425F6F67ADE9DEBF5 /* SyncTokenPlugin.swift */ = {isa = PBXFileReference; lastKnownFileType = sourcecode.swift; path = SyncTokenPlugin.swift; sourceTree = "<group>"; };
		41E81FC7A2B6F1AE1D7C41F3 /* HealthKitPlugin.swift */ = {isa = PBXFileReference; lastKnownFileType = sourcecode.swift; path = HealthKitPlugin.swift; sourceTree = "<group>"; };
		42D146C0D81D9C9989C9E01F /* SharedDataPlugin.swift */ = {isa = PBXFileReference; lastKnownFileType = sourcecode.swift; path = SharedDataPlugin.swift; sourceTree = "<group>"; };
		50379B222058CBB4000EE86E /* capacitor.config.json */ = {isa = PBXFileReference; fileEncoding = 4; lastKnownFileType = text.json; path = capacitor.config.json; sourceTree = "<group>"; };
		504EC3041FED79650016851F /* App.app */ = {isa = PBXFileReference; explicitFileType = wrapper.application; includeInIndex = 0; path = App.app; sourceTree = BUILT_PRODUCTS_DIR; };
		504EC3071FED79650016851F /* AppDelegate.swift */ = {isa = PBXFileReference; lastKnownFileType = sourcecode.swift; path = AppDelegate.swift; sourceTree = "<group>"; };
		504EC30C1FED79650016851F /* Base */ = {isa = PBXFileReference; lastKnownFileType = file.storyboard; name = Base; path = Base.lproj/Main.storyboard; sourceTree = "<group>"; };
		504EC30E1FED79650016851F /* Assets.xcassets */ = {isa = PBXFileReference; lastKnownFileType = folder.assetcatalog; path = Assets.xcassets; sourceTree = "<group>"; };
		504EC3111FED79650016851F /* Base */ = {isa = PBXFileReference; lastKnownFileType = file.storyboard; name = Base; path = Base.lproj/LaunchScreen.storyboard; sourceTree = "<group>"; };
		504EC3131FED79650016851F /* Info.plist */ = {isa = PBXFileReference; lastKnownFileType = text.plist.xml; path = Info.plist; sourceTree = "<group>"; };
		50B271D01FEDC1A000F3C39B /* public */ = {isa = PBXFileReference; lastKnownFileType = folder; path = public; sourceTree = "<group>"; };
		7AB29A1B6FE92831C897693B /* SyncTokenStore.swift */ = {isa = PBXFileReference; lastKnownFileType = sourcecode.swift; path = SyncTokenStore.swift; sourceTree = "<group>"; };
		830B29172FFD4BCE0011558E /* FitTrackComplicationExtension.appex */ = {isa = PBXFileReference; explicitFileType = "wrapper.app-extension"; includeInIndex = 0; path = FitTrackComplicationExtension.appex; sourceTree = BUILT_PRODUCTS_DIR; };
		8316D18D2FFD11FC00B74FDF /* RestTimerWidgetExtension.appex */ = {isa = PBXFileReference; explicitFileType = "wrapper.app-extension"; includeInIndex = 0; path = RestTimerWidgetExtension.appex; sourceTree = BUILT_PRODUCTS_DIR; };
		8316D18E2FFD11FC00B74FDF /* WidgetKit.framework */ = {isa = PBXFileReference; lastKnownFileType = wrapper.framework; name = WidgetKit.framework; path = System/Library/Frameworks/WidgetKit.framework; sourceTree = SDKROOT; };
		8316D1902FFD11FC00B74FDF /* SwiftUI.framework */ = {isa = PBXFileReference; lastKnownFileType = wrapper.framework; name = SwiftUI.framework; path = System/Library/Frameworks/SwiftUI.framework; sourceTree = SDKROOT; };
		83B3EA3A2FFD3C0100CC951E /* FitTrackWatch Watch App.app */ = {isa = PBXFileReference; explicitFileType = wrapper.application; includeInIndex = 0; path = "FitTrackWatch Watch App.app"; sourceTree = BUILT_PRODUCTS_DIR; };
		958DCC722DB07C7200EA8C5F /* debug.xcconfig */ = {isa = PBXFileReference; lastKnownFileType = text.xcconfig; name = debug.xcconfig; path = ../debug.xcconfig; sourceTree = SOURCE_ROOT; };
		AA11BB22CC33DD44EE55FF01 /* RestTimerActivityPlugin.swift */ = {isa = PBXFileReference; lastKnownFileType = sourcecode.swift; path = RestTimerActivityPlugin.swift; sourceTree = "<group>"; };
		AA11BB22CC33DD44EE55FF03 /* ../RestTimerWidget/RestTimerWidgetAttributes.swift */ = {isa = PBXFileReference; lastKnownFileType = sourcecode.swift; path = ../RestTimerWidget/RestTimerWidgetAttributes.swift; sourceTree = "<group>"; };
		AA11BB22CC33DD44EE55FF05 /* MainViewController.swift */ = {isa = PBXFileReference; lastKnownFileType = sourcecode.swift; path = MainViewController.swift; sourceTree = "<group>"; };
		AA11BB22CC33DD44EE55FF09 /* ../RestTimerWidget/AdjustRestTimerIntent.swift */ = {isa = PBXFileReference; lastKnownFileType = sourcecode.swift; path = ../RestTimerWidget/AdjustRestTimerIntent.swift; sourceTree = "<group>"; };
		AA11BB22CC33DD44EE55FF0B /* RestTimerAppShortcuts.swift */ = {isa = PBXFileReference; lastKnownFileType = sourcecode.swift; path = RestTimerAppShortcuts.swift; sourceTree = "<group>"; };
		B29E2C4B3D5F6A7B8C9D0E1F /* WatchAPIProxy.swift */ = {isa = PBXFileReference; lastKnownFileType = sourcecode.swift; path = WatchAPIProxy.swift; sourceTree = "<group>"; };
		CD01AA1100000000000000A1 /* CardioLiveRelay.swift */ = {isa = PBXFileReference; lastKnownFileType = sourcecode.swift; path = CardioLiveRelay.swift; sourceTree = "<group>"; };
		CD01AA1100000000000000A2 /* CardioPipContentView.swift */ = {isa = PBXFileReference; lastKnownFileType = sourcecode.swift; path = CardioPipContentView.swift; sourceTree = "<group>"; };
		CD01AA1100000000000000A3 /* CardioPictureInPicturePlugin.swift */ = {isa = PBXFileReference; lastKnownFileType = sourcecode.swift; path = CardioPictureInPicturePlugin.swift; sourceTree = "<group>"; };
		CD01AA1100000000000000A7 /* NativeAuthTokenPlugin.swift */ = {isa = PBXFileReference; lastKnownFileType = sourcecode.swift; path = NativeAuthTokenPlugin.swift; sourceTree = "<group>"; };
		CD01AA1100000000000000A4 /* AVKit.framework */ = {isa = PBXFileReference; lastKnownFileType = wrapper.framework; name = AVKit.framework; path = System/Library/Frameworks/AVKit.framework; sourceTree = SDKROOT; };
		CD01AA1100000000000000A5 /* AVFoundation.framework */ = {isa = PBXFileReference; lastKnownFileType = wrapper.framework; name = AVFoundation.framework; path = System/Library/Frameworks/AVFoundation.framework; sourceTree = SDKROOT; };
		CD01AA1100000000000000A6 /* SceneDelegate.swift */ = {isa = PBXFileReference; lastKnownFileType = sourcecode.swift; path = SceneDelegate.swift; sourceTree = "<group>"; };
		D01C07473DEAE926EBB487E0 /* BiometricLockPlugin.swift */ = {isa = PBXFileReference; lastKnownFileType = sourcecode.swift; path = BiometricLockPlugin.swift; sourceTree = "<group>"; };
/* End PBXFileReference section */

/* Begin PBXFileSystemSynchronizedBuildFileExceptionSet section */
		830B292A2FFD4BCF0011558E /* PBXFileSystemSynchronizedBuildFileExceptionSet */ = {
			isa = PBXFileSystemSynchronizedBuildFileExceptionSet;
			membershipExceptions = (
				Info.plist,
			);
			target = 830B29162FFD4BCE0011558E /* FitTrackComplicationExtension */;
		};
		8316D1A62FFD11FE00B74FDF /* PBXFileSystemSynchronizedBuildFileExceptionSet */ = {
			isa = PBXFileSystemSynchronizedBuildFileExceptionSet;
			membershipExceptions = (
				Info.plist,
			);
			target = 8316D18C2FFD11FC00B74FDF /* RestTimerWidgetExtension */;
		};
/* End PBXFileSystemSynchronizedBuildFileExceptionSet section */

/* Begin PBXFileSystemSynchronizedRootGroup section */
		830B291A2FFD4BCE0011558E /* FitTrackComplication */ = {isa = PBXFileSystemSynchronizedRootGroup; exceptions = (830B292A2FFD4BCF0011558E /* PBXFileSystemSynchronizedBuildFileExceptionSet */, ); explicitFileTypes = {}; explicitFolders = (); path = FitTrackComplication; sourceTree = "<group>"; };
		8316D1922FFD11FC00B74FDF /* RestTimerWidget */ = {isa = PBXFileSystemSynchronizedRootGroup; exceptions = (8316D1A62FFD11FE00B74FDF /* PBXFileSystemSynchronizedBuildFileExceptionSet */, ); explicitFileTypes = {}; explicitFolders = (); path = RestTimerWidget; sourceTree = "<group>"; };
		83B3EA3B2FFD3C0100CC951E /* FitTrackWatch Watch App */ = {isa = PBXFileSystemSynchronizedRootGroup; explicitFileTypes = {}; explicitFolders = (); path = "FitTrackWatch Watch App"; sourceTree = "<group>"; };
/* End PBXFileSystemSynchronizedRootGroup section */

/* Begin PBXFrameworksBuildPhase section */
		504EC3011FED79650016851F /* Frameworks */ = {
			isa = PBXFrameworksBuildPhase;
			buildActionMask = 2147483647;
			files = (
				4D22ABE92AF431CB00220026 /* CapApp-SPM in Frameworks */,
				7D97728F8A4E369EBBCDFB3D /* HealthKit.framework in Frameworks */,
				A3AD012C32E9B00A71BE0247 /* WidgetKit.framework in Frameworks */,
				CD01AA1100000000000000B4 /* AVKit.framework in Frameworks */,
				CD01AA1100000000000000B5 /* AVFoundation.framework in Frameworks */,
			);
			runOnlyForDeploymentPostprocessing = 0;
		};
		830B29142FFD4BCE0011558E /* Frameworks */ = {
			isa = PBXFrameworksBuildPhase;
			buildActionMask = 2147483647;
			files = (
				830B29192FFD4BCE0011558E /* SwiftUI.framework in Frameworks */,
				830B29182FFD4BCE0011558E /* WidgetKit.framework in Frameworks */,
			);
			runOnlyForDeploymentPostprocessing = 0;
		};
		8316D18A2FFD11FC00B74FDF /* Frameworks */ = {
			isa = PBXFrameworksBuildPhase;
			buildActionMask = 2147483647;
			files = (
				8316D1912FFD11FC00B74FDF /* SwiftUI.framework in Frameworks */,
				8316D18F2FFD11FC00B74FDF /* WidgetKit.framework in Frameworks */,
			);
			runOnlyForDeploymentPostprocessing = 0;
		};
		83B3EA372FFD3C0100CC951E /* Frameworks */ = {
			isa = PBXFrameworksBuildPhase;
			buildActionMask = 2147483647;
			files = (
				9F1E2D3C4B5A6978869F0E11 /* HealthKit.framework in Frameworks */,
			);
			runOnlyForDeploymentPostprocessing = 0;
		};
/* End PBXFrameworksBuildPhase section */

/* Begin PBXGroup section */
		1A2B3C4D5E6F7A8B9C0D1E2F /* Frameworks */ = {
			isa = PBXGroup;
			children = (
				241C812FAA07DEA7AD75E4B4 /* HealthKit.framework */,
				8316D18E2FFD11FC00B74FDF /* WidgetKit.framework */,
				8316D1902FFD11FC00B74FDF /* SwiftUI.framework */,
				CD01AA1100000000000000A4 /* AVKit.framework */,
				CD01AA1100000000000000A5 /* AVFoundation.framework */,
			);
			name = Frameworks;
			sourceTree = "<group>";
		};
		504EC2FB1FED79650016851F = {
			isa = PBXGroup;
			children = (
				958DCC722DB07C7200EA8C5F /* debug.xcconfig */,
				504EC3061FED79650016851F /* App */,
				8316D1922FFD11FC00B74FDF /* RestTimerWidget */,
				83B3EA3B2FFD3C0100CC951E /* FitTrackWatch Watch App */,
				830B291A2FFD4BCE0011558E /* FitTrackComplication */,
				504EC3051FED79650016851F /* Products */,
				1A2B3C4D5E6F7A8B9C0D1E2F /* Frameworks */,
			);
			sourceTree = "<group>";
		};
		504EC3051FED79650016851F /* Products */ = {
			isa = PBXGroup;
			children = (
				504EC3041FED79650016851F /* App.app */,
				8316D18D2FFD11FC00B74FDF /* RestTimerWidgetExtension.appex */,
				83B3EA3A2FFD3C0100CC951E /* FitTrackWatch Watch App.app */,
				830B29172FFD4BCE0011558E /* FitTrackComplicationExtension.appex */,
			);
			name = Products;
			sourceTree = "<group>";
		};
		504EC3061FED79650016851F /* App */ = {
			isa = PBXGroup;
			children = (
				50379B222058CBB4000EE86E /* capacitor.config.json */,
				504EC3071FED79650016851F /* AppDelegate.swift */,
				CD01AA1100000000000000A6 /* SceneDelegate.swift */,
				41E81FC7A2B6F1AE1D7C41F3 /* HealthKitPlugin.swift */,
				0C48EF5489B726207CD3A6EB /* WatchConnectivityPlugin.swift */,
				CD01AA1100000000000000A1 /* CardioLiveRelay.swift */,
				CD01AA1100000000000000A2 /* CardioPipContentView.swift */,
				CD01AA1100000000000000A3 /* CardioPictureInPicturePlugin.swift */,
				CD01AA1100000000000000A7 /* NativeAuthTokenPlugin.swift */,
				B29E2C4B3D5F6A7B8C9D0E1F /* WatchAPIProxy.swift */,
				D01C07473DEAE926EBB487E0 /* BiometricLockPlugin.swift */,
				7AB29A1B6FE92831C897693B /* SyncTokenStore.swift */,
				3BC11B8425F6F67ADE9DEBF5 /* SyncTokenPlugin.swift */,
				19558FA5A94803F3678CB309 /* BackgroundSyncManager.swift */,
				42D146C0D81D9C9989C9E01F /* SharedDataPlugin.swift */,
				AA11BB22CC33DD44EE55FF05 /* MainViewController.swift */,
				AA11BB22CC33DD44EE55FF01 /* RestTimerActivityPlugin.swift */,
				AA11BB22CC33DD44EE55FF03 /* ../RestTimerWidget/RestTimerWidgetAttributes.swift */,
				AA11BB22CC33DD44EE55FF09 /* ../RestTimerWidget/AdjustRestTimerIntent.swift */,
				AA11BB22CC33DD44EE55FF0B /* RestTimerAppShortcuts.swift */,
				504EC30B1FED79650016851F /* Main.storyboard */,
				504EC30E1FED79650016851F /* Assets.xcassets */,
				504EC3101FED79650016851F /* LaunchScreen.storyboard */,
				504EC3131FED79650016851F /* Info.plist */,
				2FAD9762203C412B000D30F8 /* config.xml */,
				50B271D01FEDC1A000F3C39B /* public */,
			);
			path = App;
			sourceTree = "<group>";
		};
/* End PBXGroup section */

/* Begin PBXNativeTarget section */
		504EC3031FED79650016851F /* App */ = {
			isa = PBXNativeTarget;
			buildConfigurationList = 504EC3161FED79650016851F /* Build configuration list for PBXNativeTarget "App" */;
			buildPhases = (
				504EC3001FED79650016851F /* Sources */,
				504EC3011FED79650016851F /* Frameworks */,
				504EC3021FED79650016851F /* Resources */,
				8316D1A32FFD11FE00B74FDF /* Embed Foundation Extensions */,
				83B3EA452FFD3C0200CC951E /* Embed Watch Content */,
			);
			buildRules = (
			);
			dependencies = (
				8316D1A12FFD11FE00B74FDF /* PBXTargetDependency */,
				83B3EA432FFD3C0200CC951E /* PBXTargetDependency */,
			);
			name = App;
			packageProductDependencies = (
				4D22ABE82AF431CB00220026 /* CapApp-SPM */,
			);
			productName = App;
			productReference = 504EC3041FED79650016851F /* App.app */;
			productType = "com.apple.product-type.application";
		};
		830B29162FFD4BCE0011558E /* FitTrackComplicationExtension */ = {
			isa = PBXNativeTarget;
			buildConfigurationList = 830B292B2FFD4BCF0011558E /* Build configuration list for PBXNativeTarget "FitTrackComplicationExtension" */;
			buildPhases = (
				830B29132FFD4BCE0011558E /* Sources */,
				830B29142FFD4BCE0011558E /* Frameworks */,
				830B29152FFD4BCE0011558E /* Resources */,
			);
			buildRules = (
			);
			dependencies = (
			);
			fileSystemSynchronizedGroups = (
				830B291A2FFD4BCE0011558E /* FitTrackComplication */,
			);
			name = FitTrackComplicationExtension;
			packageProductDependencies = (
			);
			productName = FitTrackComplicationExtension;
			productReference = 830B29172FFD4BCE0011558E /* FitTrackComplicationExtension.appex */;
			productType = "com.apple.product-type.app-extension";
		};
		8316D18C2FFD11FC00B74FDF /* RestTimerWidgetExtension */ = {
			isa = PBXNativeTarget;
			buildConfigurationList = 8316D1A72FFD11FE00B74FDF /* Build configuration list for PBXNativeTarget "RestTimerWidgetExtension" */;
			buildPhases = (
				8316D1892FFD11FC00B74FDF /* Sources */,
				8316D18A2FFD11FC00B74FDF /* Frameworks */,
				8316D18B2FFD11FC00B74FDF /* Resources */,
			);
			buildRules = (
			);
			dependencies = (
			);
			fileSystemSynchronizedGroups = (
				8316D1922FFD11FC00B74FDF /* RestTimerWidget */,
			);
			name = RestTimerWidgetExtension;
			packageProductDependencies = (
			);
			productName = RestTimerWidgetExtension;
			productReference = 8316D18D2FFD11FC00B74FDF /* RestTimerWidgetExtension.appex */;
			productType = "com.apple.product-type.app-extension";
		};
		83B3EA392FFD3C0100CC951E /* FitTrackWatch Watch App */ = {
			isa = PBXNativeTarget;
			buildConfigurationList = 83B3EA482FFD3C0200CC951E /* Build configuration list for PBXNativeTarget "FitTrackWatch Watch App" */;
			buildPhases = (
				83B3EA362FFD3C0100CC951E /* Sources */,
				83B3EA372FFD3C0100CC951E /* Frameworks */,
				83B3EA382FFD3C0100CC951E /* Resources */,
				830B29272FFD4BCF0011558E /* Embed Foundation Extensions */,
			);
			buildRules = (
			);
			dependencies = (
				830B29252FFD4BCF0011558E /* PBXTargetDependency */,
			);
			fileSystemSynchronizedGroups = (
				83B3EA3B2FFD3C0100CC951E /* FitTrackWatch Watch App */,
			);
			name = "FitTrackWatch Watch App";
			packageProductDependencies = (
			);
			productName = "FitTrackWatch Watch App";
			productReference = 83B3EA3A2FFD3C0100CC951E /* FitTrackWatch Watch App.app */;
			productType = "com.apple.product-type.application";
		};
/* End PBXNativeTarget section */

/* Begin PBXProject section */
		504EC2FC1FED79650016851F /* Project object */ = {
			isa = PBXProject;
			attributes = {
				LastSwiftUpdateCheck = 2660;
				LastUpgradeCheck = 0920;
				TargetAttributes = {
					504EC3031FED79650016851F = {
						CreatedOnToolsVersion = 9.2;
						LastSwiftMigration = 1100;
						ProvisioningStyle = Automatic;
						SystemCapabilities = {
							com.apple.ApplicationGroups.iOS = {
								enabled = 1;
							};
							com.apple.HealthKit = {
								enabled = 1;
							};
						};
					};
					830B29162FFD4BCE0011558E = {
						CreatedOnToolsVersion = 26.6;
						ProvisioningStyle = Automatic;
						SystemCapabilities = {
							com.apple.ApplicationGroups.iOS = {
								enabled = 1;
							};
						};
					};
					8316D18C2FFD11FC00B74FDF = {
						CreatedOnToolsVersion = 26.6;
						ProvisioningStyle = Automatic;
						SystemCapabilities = {
							com.apple.ApplicationGroups.iOS = {
								enabled = 1;
							};
						};
					};
					83B3EA392FFD3C0100CC951E = {
						CreatedOnToolsVersion = 26.6;
						SystemCapabilities = {
							com.apple.HealthKit = {
								enabled = 1;
							};
						};
					};
				};
			};
			buildConfigurationList = 504EC2FF1FED79650016851F /* Build configuration list for PBXProject "App" */;
			compatibilityVersion = "Xcode 8.0";
			developmentRegion = en;
			hasScannedForEncodings = 0;
			knownRegions = (
				en,
				Base,
			);
			mainGroup = 504EC2FB1FED79650016851F;
			packageReferences = (
				D4C12C0A2AAA248700AAC8A2 /* XCLocalSwiftPackageReference "CapApp-SPM" */,
			);
			productRefGroup = 504EC3051FED79650016851F /* Products */;
			projectDirPath = "";
			projectRoot = "";
			targets = (
				504EC3031FED79650016851F /* App */,
				8316D18C2FFD11FC00B74FDF /* RestTimerWidgetExtension */,
				83B3EA392FFD3C0100CC951E /* FitTrackWatch Watch App */,
				830B29162FFD4BCE0011558E /* FitTrackComplicationExtension */,
			);
		};
/* End PBXProject section */

/* Begin PBXResourcesBuildPhase section */
		504EC3021FED79650016851F /* Resources */ = {
			isa = PBXResourcesBuildPhase;
			buildActionMask = 2147483647;
			files = (
				504EC3121FED79650016851F /* LaunchScreen.storyboard in Resources */,
				50B271D11FEDC1A000F3C39B /* public in Resources */,
				504EC30F1FED79650016851F /* Assets.xcassets in Resources */,
				50379B232058CBB4000EE86E /* capacitor.config.json in Resources */,
				504EC30D1FED79650016851F /* Main.storyboard in Resources */,
				2FAD9763203C412B000D30F8 /* config.xml in Resources */,
			);
			runOnlyForDeploymentPostprocessing = 0;
		};
		830B29152FFD4BCE0011558E /* Resources */ = {
			isa = PBXResourcesBuildPhase;
			buildActionMask = 2147483647;
			files = (
			);
			runOnlyForDeploymentPostprocessing = 0;
		};
		8316D18B2FFD11FC00B74FDF /* Resources */ = {
			isa = PBXResourcesBuildPhase;
			buildActionMask = 2147483647;
			files = (
			);
			runOnlyForDeploymentPostprocessing = 0;
		};
		83B3EA382FFD3C0100CC951E /* Resources */ = {
			isa = PBXResourcesBuildPhase;
			buildActionMask = 2147483647;
			files = (
			);
			runOnlyForDeploymentPostprocessing = 0;
		};
/* End PBXResourcesBuildPhase section */

/* Begin PBXSourcesBuildPhase section */
		504EC3001FED79650016851F /* Sources */ = {
			isa = PBXSourcesBuildPhase;
			buildActionMask = 2147483647;
			files = (
				504EC3081FED79650016851F /* AppDelegate.swift in Sources */,
				CD01AA1100000000000000B6 /* SceneDelegate.swift in Sources */,
				0EC6850581A02526C4154886 /* HealthKitPlugin.swift in Sources */,
				F43ED9D36FDFEF1893ED2917 /* WatchConnectivityPlugin.swift in Sources */,
				CD01AA1100000000000000B1 /* CardioLiveRelay.swift in Sources */,
				CD01AA1100000000000000B2 /* CardioPipContentView.swift in Sources */,
				CD01AA1100000000000000B3 /* CardioPictureInPicturePlugin.swift in Sources */,
				CD01AA1100000000000000B7 /* NativeAuthTokenPlugin.swift in Sources */,
				A19E2C4B3D5F6A7B8C9D0E1F /* WatchAPIProxy.swift in Sources */,
				DE81AFC34ECCF2849D0B5C36 /* BiometricLockPlugin.swift in Sources */,
				FC5CCC552F02B0142759F285 /* SyncTokenStore.swift in Sources */,
				0E4B2A91649804D2E740AFAB /* SyncTokenPlugin.swift in Sources */,
				63E6C145EEC1412536B5F9F9 /* BackgroundSyncManager.swift in Sources */,
				B37394D1BBAFEEE2853C4204 /* SharedDataPlugin.swift in Sources */,
				AA11BB22CC33DD44EE55FF06 /* MainViewController.swift in Sources */,
				AA11BB22CC33DD44EE55FF02 /* RestTimerActivityPlugin.swift in Sources */,
				AA11BB22CC33DD44EE55FF04 /* ../RestTimerWidget/RestTimerWidgetAttributes.swift in Sources */,
				AA11BB22CC33DD44EE55FF0A /* ../RestTimerWidget/AdjustRestTimerIntent.swift in Sources */,
				AA11BB22CC33DD44EE55FF0C /* RestTimerAppShortcuts.swift in Sources */,
			);
			runOnlyForDeploymentPostprocessing = 0;
		};
		830B29132FFD4BCE0011558E /* Sources */ = {
			isa = PBXSourcesBuildPhase;
			buildActionMask = 2147483647;
			files = (
			);
			runOnlyForDeploymentPostprocessing = 0;
		};
		8316D1892FFD11FC00B74FDF /* Sources */ = {
			isa = PBXSourcesBuildPhase;
			buildActionMask = 2147483647;
			files = (
			);
			runOnlyForDeploymentPostprocessing = 0;
		};
		83B3EA362FFD3C0100CC951E /* Sources */ = {
			isa = PBXSourcesBuildPhase;
			buildActionMask = 2147483647;
			files = (
			);
			runOnlyForDeploymentPostprocessing = 0;
		};
/* End PBXSourcesBuildPhase section */

/* Begin PBXTargetDependency section */
		830B29252FFD4BCF0011558E /* PBXTargetDependency */ = {
			isa = PBXTargetDependency;
			target = 830B29162FFD4BCE0011558E /* FitTrackComplicationExtension */;
			targetProxy = 830B29242FFD4BCF0011558E /* PBXContainerItemProxy */;
		};
		8316D1A12FFD11FE00B74FDF /* PBXTargetDependency */ = {
			isa = PBXTargetDependency;
			target = 8316D18C2FFD11FC00B74FDF /* RestTimerWidgetExtension */;
			targetProxy = 8316D1A02FFD11FE00B74FDF /* PBXContainerItemProxy */;
		};
		83B3EA432FFD3C0200CC951E /* PBXTargetDependency */ = {
			isa = PBXTargetDependency;
			target = 83B3EA392FFD3C0100CC951E /* FitTrackWatch Watch App */;
			targetProxy = 83B3EA422FFD3C0200CC951E /* PBXContainerItemProxy */;
		};
/* End PBXTargetDependency section */

/* Begin PBXVariantGroup section */
		504EC30B1FED79650016851F /* Main.storyboard */ = {
			isa = PBXVariantGroup;
			children = (
				504EC30C1FED79650016851F /* Base */,
			);
			name = Main.storyboard;
			sourceTree = "<group>";
		};
		504EC3101FED79650016851F /* LaunchScreen.storyboard */ = {
			isa = PBXVariantGroup;
			children = (
				504EC3111FED79650016851F /* Base */,
			);
			name = LaunchScreen.storyboard;
			sourceTree = "<group>";
		};
/* End PBXVariantGroup section */

/* Begin XCBuildConfiguration section */
		504EC3141FED79650016851F /* Debug */ = {
			isa = XCBuildConfiguration;
			baseConfigurationReference = 958DCC722DB07C7200EA8C5F /* debug.xcconfig */;
			buildSettings = {
				ALWAYS_SEARCH_USER_PATHS = NO;
				CLANG_ANALYZER_NONNULL = YES;
				CLANG_ANALYZER_NUMBER_OBJECT_CONVERSION = YES_AGGRESSIVE;
				CLANG_CXX_LANGUAGE_STANDARD = "gnu++14";
				CLANG_CXX_LIBRARY = "libc++";
				CLANG_ENABLE_MODULES = YES;
				CLANG_ENABLE_OBJC_ARC = YES;
				CLANG_WARN_BLOCK_CAPTURE_AUTORELEASING = YES;
				CLANG_WARN_BOOL_CONVERSION = YES;
				CLANG_WARN_COMMA = YES;
				CLANG_WARN_CONSTANT_CONVERSION = YES;
				CLANG_WARN_DIRECT_OBJC_ISA_USAGE = YES_ERROR;
				CLANG_WARN_DOCUMENTATION_COMMENTS = YES;
				CLANG_WARN_EMPTY_BODY = YES;
				CLANG_WARN_ENUM_CONVERSION = YES;
				CLANG_WARN_INFINITE_RECURSION = YES;
				CLANG_WARN_INT_CONVERSION = YES;
				CLANG_WARN_NON_LITERAL_NULL_CONVERSION = YES;
				CLANG_WARN_OBJC_LITERAL_CONVERSION = YES;
				CLANG_WARN_OBJC_ROOT_CLASS = YES_ERROR;
				CLANG_WARN_RANGE_LOOP_ANALYSIS = YES;
				CLANG_WARN_STRICT_PROTOTYPES = YES;
				CLANG_WARN_SUSPICIOUS_MOVE = YES;
				CLANG_WARN_UNGUARDED_AVAILABILITY = YES_AGGRESSIVE;
				CLANG_WARN_UNREACHABLE_CODE = YES;
				CLANG_WARN__DUPLICATE_METHOD_MATCH = YES;
				CODE_SIGN_IDENTITY = "iPhone Developer";
				COPY_PHASE_STRIP = NO;
				DEBUG_INFORMATION_FORMAT = dwarf;
				ENABLE_STRICT_OBJC_MSGSEND = YES;
				ENABLE_TESTABILITY = YES;
				GCC_C_LANGUAGE_STANDARD = gnu11;
				GCC_DYNAMIC_NO_PIC = NO;
				GCC_NO_COMMON_BLOCKS = YES;
				GCC_OPTIMIZATION_LEVEL = 0;
				GCC_PREPROCESSOR_DEFINITIONS = (
					"DEBUG=1",
					"$(inherited)",
				);
				GCC_WARN_64_TO_32_BIT_CONVERSION = YES;
				GCC_WARN_ABOUT_RETURN_TYPE = YES_ERROR;
				GCC_WARN_UNDECLARED_SELECTOR = YES;
				GCC_WARN_UNINITIALIZED_AUTOS = YES_AGGRESSIVE;
				GCC_WARN_UNUSED_FUNCTION = YES;
				GCC_WARN_UNUSED_VARIABLE = YES;
				IPHONEOS_DEPLOYMENT_TARGET = 16.0;
				MTL_ENABLE_DEBUG_INFO = YES;
				ONLY_ACTIVE_ARCH = YES;
				SDKROOT = iphoneos;
				SWIFT_ACTIVE_COMPILATION_CONDITIONS = DEBUG;
				SWIFT_OPTIMIZATION_LEVEL = "-Onone";
			};
			name = Debug;
		};
		504EC3151FED79650016851F /* Release */ = {
			isa = XCBuildConfiguration;
			buildSettings = {
				ALWAYS_SEARCH_USER_PATHS = NO;
				CLANG_ANALYZER_NONNULL = YES;
				CLANG_ANALYZER_NUMBER_OBJECT_CONVERSION = YES_AGGRESSIVE;
				CLANG_CXX_LANGUAGE_STANDARD = "gnu++14";
				CLANG_CXX_LIBRARY = "libc++";
				CLANG_ENABLE_MODULES = YES;
				CLANG_ENABLE_OBJC_ARC = YES;
				CLANG_WARN_BLOCK_CAPTURE_AUTORELEASING = YES;
				CLANG_WARN_BOOL_CONVERSION = YES;
				CLANG_WARN_COMMA = YES;
				CLANG_WARN_CONSTANT_CONVERSION = YES;
				CLANG_WARN_DIRECT_OBJC_ISA_USAGE = YES_ERROR;
				CLANG_WARN_DOCUMENTATION_COMMENTS = YES;
				CLANG_WARN_EMPTY_BODY = YES;
				CLANG_WARN_ENUM_CONVERSION = YES;
				CLANG_WARN_INFINITE_RECURSION = YES;
				CLANG_WARN_INT_CONVERSION = YES;
				CLANG_WARN_NON_LITERAL_NULL_CONVERSION = YES;
				CLANG_WARN_OBJC_LITERAL_CONVERSION = YES;
				CLANG_WARN_OBJC_ROOT_CLASS = YES_ERROR;
				CLANG_WARN_RANGE_LOOP_ANALYSIS = YES;
				CLANG_WARN_STRICT_PROTOTYPES = YES;
				CLANG_WARN_SUSPICIOUS_MOVE = YES;
				CLANG_WARN_UNGUARDED_AVAILABILITY = YES_AGGRESSIVE;
				CLANG_WARN_UNREACHABLE_CODE = YES;
				CLANG_WARN__DUPLICATE_METHOD_MATCH = YES;
				CODE_SIGN_IDENTITY = "iPhone Developer";
				COPY_PHASE_STRIP = NO;
				DEBUG_INFORMATION_FORMAT = "dwarf-with-dsym";
				ENABLE_NS_ASSERTIONS = NO;
				ENABLE_STRICT_OBJC_MSGSEND = YES;
				GCC_C_LANGUAGE_STANDARD = gnu11;
				GCC_NO_COMMON_BLOCKS = YES;
				GCC_WARN_64_TO_32_BIT_CONVERSION = YES;
				GCC_WARN_ABOUT_RETURN_TYPE = YES_ERROR;
				GCC_WARN_UNDECLARED_SELECTOR = YES;
				GCC_WARN_UNINITIALIZED_AUTOS = YES_AGGRESSIVE;
				GCC_WARN_UNUSED_FUNCTION = YES;
				GCC_WARN_UNUSED_VARIABLE = YES;
				IPHONEOS_DEPLOYMENT_TARGET = 16.0;
				MTL_ENABLE_DEBUG_INFO = NO;
				SDKROOT = iphoneos;
				SWIFT_COMPILATION_MODE = wholemodule;
				SWIFT_OPTIMIZATION_LEVEL = "-O";
				VALIDATE_PRODUCT = YES;
			};
			name = Release;
		};
		504EC3171FED79650016851F /* Debug */ = {
			isa = XCBuildConfiguration;
			baseConfigurationReference = 958DCC722DB07C7200EA8C5F /* debug.xcconfig */;
			buildSettings = {
				ASSETCATALOG_COMPILER_APPICON_NAME = AppIcon;
				CODE_SIGN_ENTITLEMENTS = App/App.entitlements;
				CODE_SIGN_STYLE = Automatic;
				CURRENT_PROJECT_VERSION = 1;
				DEVELOPMENT_TEAM = QZNG93JKH6;
				INFOPLIST_FILE = App/Info.plist;
				IPHONEOS_DEPLOYMENT_TARGET = 26.0;
				LD_RUNPATH_SEARCH_PATHS = (
					"$(inherited)",
					"@executable_path/Frameworks",
				);
				MARKETING_VERSION = 1.0;
				OTHER_SWIFT_FLAGS = "$(inherited) \"-D\" \"COCOAPODS\" \"-DDEBUG\"";
				PRODUCT_BUNDLE_IDENTIFIER = com.robeltsefaye.fittrackpro;
				PRODUCT_NAME = "$(TARGET_NAME)";
				SWIFT_ACTIVE_COMPILATION_CONDITIONS = DEBUG;
				SWIFT_VERSION = 5.0;
				TARGETED_DEVICE_FAMILY = "1,2";
			};
			name = Debug;
		};
		504EC3181FED79650016851F /* Release */ = {
			isa = XCBuildConfiguration;
			buildSettings = {
				ASSETCATALOG_COMPILER_APPICON_NAME = AppIcon;
				CODE_SIGN_ENTITLEMENTS = App/App.entitlements;
				CODE_SIGN_STYLE = Automatic;
				CURRENT_PROJECT_VERSION = 1;
				DEVELOPMENT_TEAM = QZNG93JKH6;
				INFOPLIST_FILE = App/Info.plist;
				IPHONEOS_DEPLOYMENT_TARGET = 26.0;
				LD_RUNPATH_SEARCH_PATHS = (
					"$(inherited)",
					"@executable_path/Frameworks",
				);
				MARKETING_VERSION = 1.0;
				PRODUCT_BUNDLE_IDENTIFIER = com.robeltsefaye.fittrackpro;
				PRODUCT_NAME = "$(TARGET_NAME)";
				SWIFT_ACTIVE_COMPILATION_CONDITIONS = "";
				SWIFT_VERSION = 5.0;
				TARGETED_DEVICE_FAMILY = "1,2";
			};
			name = Release;
		};
		830B29282FFD4BCF0011558E /* Debug */ = {
			isa = XCBuildConfiguration;
			buildSettings = {
				ASSETCATALOG_COMPILER_GENERATE_SWIFT_ASSET_SYMBOL_EXTENSIONS = YES;
				ASSETCATALOG_COMPILER_GLOBAL_ACCENT_COLOR_NAME = AccentColor;
				ASSETCATALOG_COMPILER_WIDGET_BACKGROUND_COLOR_NAME = WidgetBackground;
				CLANG_CXX_LANGUAGE_STANDARD = "gnu++20";
				CLANG_ENABLE_OBJC_WEAK = YES;
				CLANG_WARN_DEPRECATED_OBJC_IMPLEMENTATIONS = YES;
				CLANG_WARN_OBJC_IMPLICIT_RETAIN_SELF = YES;
				CLANG_WARN_QUOTED_INCLUDE_IN_FRAMEWORK_HEADER = YES;
				CODE_SIGN_ENTITLEMENTS = FitTrackComplication/FitTrackComplication.entitlements;
				CODE_SIGN_STYLE = Automatic;
				CURRENT_PROJECT_VERSION = 1;
				DEVELOPMENT_TEAM = QZNG93JKH6;
				ENABLE_USER_SCRIPT_SANDBOXING = YES;
				GCC_C_LANGUAGE_STANDARD = gnu17;
				GENERATE_INFOPLIST_FILE = YES;
				INFOPLIST_FILE = FitTrackComplication/Info.plist;
				INFOPLIST_KEY_CFBundleDisplayName = FitTrackComplication;
				INFOPLIST_KEY_NSHumanReadableCopyright = "";
				LD_RUNPATH_SEARCH_PATHS = (
					"$(inherited)",
					"@executable_path/Frameworks",
					"@executable_path/../../Frameworks",
					"@executable_path/../../../../Frameworks",
				);
				LOCALIZATION_PREFERS_STRING_CATALOGS = YES;
				MARKETING_VERSION = 1.0;
				MTL_ENABLE_DEBUG_INFO = INCLUDE_SOURCE;
				MTL_FAST_MATH = YES;
				PRODUCT_BUNDLE_IDENTIFIER = com.robeltsefaye.fittrackpro.watchkitapp.FitTrackComplication;
				PRODUCT_NAME = "$(TARGET_NAME)";
				SDKROOT = watchos;
				SKIP_INSTALL = YES;
				STRING_CATALOG_GENERATE_SYMBOLS = YES;
				SWIFT_ACTIVE_COMPILATION_CONDITIONS = "DEBUG $(inherited)";
				SWIFT_APPROACHABLE_CONCURRENCY = YES;
				SWIFT_EMIT_LOC_STRINGS = YES;
				SWIFT_UPCOMING_FEATURE_MEMBER_IMPORT_VISIBILITY = YES;
				SWIFT_VERSION = 5.0;
				TARGETED_DEVICE_FAMILY = 4;
				WATCHOS_DEPLOYMENT_TARGET = 26.5;
			};
			name = Debug;
		};
		830B29292FFD4BCF0011558E /* Release */ = {
			isa = XCBuildConfiguration;
			buildSettings = {
				ASSETCATALOG_COMPILER_GENERATE_SWIFT_ASSET_SYMBOL_EXTENSIONS = YES;
				ASSETCATALOG_COMPILER_GLOBAL_ACCENT_COLOR_NAME = AccentColor;
				ASSETCATALOG_COMPILER_WIDGET_BACKGROUND_COLOR_NAME = WidgetBackground;
				CLANG_CXX_LANGUAGE_STANDARD = "gnu++20";
				CLANG_ENABLE_OBJC_WEAK = YES;
				CLANG_WARN_DEPRECATED_OBJC_IMPLEMENTATIONS = YES;
				CLANG_WARN_OBJC_IMPLICIT_RETAIN_SELF = YES;
				CLANG_WARN_QUOTED_INCLUDE_IN_FRAMEWORK_HEADER = YES;
				CODE_SIGN_ENTITLEMENTS = FitTrackComplication/FitTrackComplication.entitlements;
				CODE_SIGN_STYLE = Automatic;
				CURRENT_PROJECT_VERSION = 1;
				DEVELOPMENT_TEAM = QZNG93JKH6;
				ENABLE_USER_SCRIPT_SANDBOXING = YES;
				GCC_C_LANGUAGE_STANDARD = gnu17;
				GENERATE_INFOPLIST_FILE = YES;
				INFOPLIST_FILE = FitTrackComplication/Info.plist;
				INFOPLIST_KEY_CFBundleDisplayName = FitTrackComplication;
				INFOPLIST_KEY_NSHumanReadableCopyright = "";
				LD_RUNPATH_SEARCH_PATHS = (
					"$(inherited)",
					"@executable_path/Frameworks",
					"@executable_path/../../Frameworks",
					"@executable_path/../../../../Frameworks",
				);
				LOCALIZATION_PREFERS_STRING_CATALOGS = YES;
				MARKETING_VERSION = 1.0;
				MTL_FAST_MATH = YES;
				PRODUCT_BUNDLE_IDENTIFIER = com.robeltsefaye.fittrackpro.watchkitapp.FitTrackComplication;
				PRODUCT_NAME = "$(TARGET_NAME)";
				SDKROOT = watchos;
				SKIP_INSTALL = YES;
				STRING_CATALOG_GENERATE_SYMBOLS = YES;
				SWIFT_APPROACHABLE_CONCURRENCY = YES;
				SWIFT_EMIT_LOC_STRINGS = YES;
				SWIFT_UPCOMING_FEATURE_MEMBER_IMPORT_VISIBILITY = YES;
				SWIFT_VERSION = 5.0;
				TARGETED_DEVICE_FAMILY = 4;
				WATCHOS_DEPLOYMENT_TARGET = 26.5;
			};
			name = Release;
		};
		8316D1A42FFD11FE00B74FDF /* Debug */ = {
			isa = XCBuildConfiguration;
			buildSettings = {
				ASSETCATALOG_COMPILER_GENERATE_SWIFT_ASSET_SYMBOL_EXTENSIONS = YES;
				ASSETCATALOG_COMPILER_GLOBAL_ACCENT_COLOR_NAME = AccentColor;
				ASSETCATALOG_COMPILER_WIDGET_BACKGROUND_COLOR_NAME = WidgetBackground;
				CLANG_CXX_LANGUAGE_STANDARD = "gnu++20";
				CLANG_ENABLE_OBJC_WEAK = YES;
				CLANG_WARN_DEPRECATED_OBJC_IMPLEMENTATIONS = YES;
				CLANG_WARN_OBJC_IMPLICIT_RETAIN_SELF = YES;
				CLANG_WARN_QUOTED_INCLUDE_IN_FRAMEWORK_HEADER = YES;
				CODE_SIGN_ENTITLEMENTS = RestTimerWidget/RestTimerWidget.entitlements;
				CODE_SIGN_STYLE = Automatic;
				CURRENT_PROJECT_VERSION = 1;
				DEVELOPMENT_TEAM = QZNG93JKH6;
				ENABLE_USER_SCRIPT_SANDBOXING = YES;
				GCC_C_LANGUAGE_STANDARD = gnu17;
				GENERATE_INFOPLIST_FILE = YES;
				INFOPLIST_FILE = RestTimerWidget/Info.plist;
				INFOPLIST_KEY_CFBundleDisplayName = RestTimerWidget;
				INFOPLIST_KEY_NSHumanReadableCopyright = "";
				IPHONEOS_DEPLOYMENT_TARGET = 26.0;
				LD_RUNPATH_SEARCH_PATHS = (
					"$(inherited)",
					"@executable_path/Frameworks",
					"@executable_path/../../Frameworks",
				);
				LOCALIZATION_PREFERS_STRING_CATALOGS = YES;
				MARKETING_VERSION = 1.0;
				MTL_ENABLE_DEBUG_INFO = INCLUDE_SOURCE;
				MTL_FAST_MATH = YES;
				PRODUCT_BUNDLE_IDENTIFIER = com.robeltsefaye.fittrackpro.RestTimerWidget;
				PRODUCT_NAME = "$(TARGET_NAME)";
				SKIP_INSTALL = YES;
				STRING_CATALOG_GENERATE_SYMBOLS = YES;
				SWIFT_ACTIVE_COMPILATION_CONDITIONS = "DEBUG $(inherited)";
				SWIFT_APPROACHABLE_CONCURRENCY = YES;
				SWIFT_EMIT_LOC_STRINGS = YES;
				SWIFT_UPCOMING_FEATURE_MEMBER_IMPORT_VISIBILITY = YES;
				SWIFT_VERSION = 5.0;
				TARGETED_DEVICE_FAMILY = "1,2";
			};
			name = Debug;
		};
		8316D1A52FFD11FE00B74FDF /* Release */ = {
			isa = XCBuildConfiguration;
			buildSettings = {
				ASSETCATALOG_COMPILER_GENERATE_SWIFT_ASSET_SYMBOL_EXTENSIONS = YES;
				ASSETCATALOG_COMPILER_GLOBAL_ACCENT_COLOR_NAME = AccentColor;
				ASSETCATALOG_COMPILER_WIDGET_BACKGROUND_COLOR_NAME = WidgetBackground;
				CLANG_CXX_LANGUAGE_STANDARD = "gnu++20";
				CLANG_ENABLE_OBJC_WEAK = YES;
				CLANG_WARN_DEPRECATED_OBJC_IMPLEMENTATIONS = YES;
				CLANG_WARN_OBJC_IMPLICIT_RETAIN_SELF = YES;
				CLANG_WARN_QUOTED_INCLUDE_IN_FRAMEWORK_HEADER = YES;
				CODE_SIGN_ENTITLEMENTS = RestTimerWidget/RestTimerWidget.entitlements;
				CODE_SIGN_STYLE = Automatic;
				CURRENT_PROJECT_VERSION = 1;
				DEVELOPMENT_TEAM = QZNG93JKH6;
				ENABLE_USER_SCRIPT_SANDBOXING = YES;
				GCC_C_LANGUAGE_STANDARD = gnu17;
				GENERATE_INFOPLIST_FILE = YES;
				INFOPLIST_FILE = RestTimerWidget/Info.plist;
				INFOPLIST_KEY_CFBundleDisplayName = RestTimerWidget;
				INFOPLIST_KEY_NSHumanReadableCopyright = "";
				IPHONEOS_DEPLOYMENT_TARGET = 26.0;
				LD_RUNPATH_SEARCH_PATHS = (
					"$(inherited)",
					"@executable_path/Frameworks",
					"@executable_path/../../Frameworks",
				);
				LOCALIZATION_PREFERS_STRING_CATALOGS = YES;
				MARKETING_VERSION = 1.0;
				MTL_FAST_MATH = YES;
				PRODUCT_BUNDLE_IDENTIFIER = com.robeltsefaye.fittrackpro.RestTimerWidget;
				PRODUCT_NAME = "$(TARGET_NAME)";
				SKIP_INSTALL = YES;
				STRING_CATALOG_GENERATE_SYMBOLS = YES;
				SWIFT_APPROACHABLE_CONCURRENCY = YES;
				SWIFT_EMIT_LOC_STRINGS = YES;
				SWIFT_UPCOMING_FEATURE_MEMBER_IMPORT_VISIBILITY = YES;
				SWIFT_VERSION = 5.0;
				TARGETED_DEVICE_FAMILY = "1,2";
			};
			name = Release;
		};
		83B3EA462FFD3C0200CC951E /* Debug */ = {
			isa = XCBuildConfiguration;
			buildSettings = {
				ASSETCATALOG_COMPILER_APPICON_NAME = AppIcon;
				ASSETCATALOG_COMPILER_GENERATE_SWIFT_ASSET_SYMBOL_EXTENSIONS = YES;
				ASSETCATALOG_COMPILER_GLOBAL_ACCENT_COLOR_NAME = AccentColor;
				CLANG_CXX_LANGUAGE_STANDARD = "gnu++20";
				CLANG_ENABLE_OBJC_WEAK = YES;
				CLANG_WARN_DEPRECATED_OBJC_IMPLEMENTATIONS = YES;
				CLANG_WARN_OBJC_IMPLICIT_RETAIN_SELF = YES;
				CLANG_WARN_QUOTED_INCLUDE_IN_FRAMEWORK_HEADER = YES;
				CODE_SIGN_ENTITLEMENTS = "FitTrackWatch Watch App/FitTrackWatch Watch App.entitlements";
				CODE_SIGN_IDENTITY = "Apple Development";
				CODE_SIGN_STYLE = Automatic;
				CURRENT_PROJECT_VERSION = 1;
				DEVELOPMENT_TEAM = QZNG93JKH6;
				ENABLE_PREVIEWS = YES;
				ENABLE_USER_SCRIPT_SANDBOXING = YES;
				GCC_C_LANGUAGE_STANDARD = gnu17;
				GENERATE_INFOPLIST_FILE = YES;
				INFOPLIST_KEY_CFBundleDisplayName = FitTrackWatch;
				INFOPLIST_KEY_NSHealthShareUsageDescription = "FitTrackWatch liest deine Herzfrequenz für Live-Anzeige während des Trainings.";
				INFOPLIST_KEY_NSHealthUpdateUsageDescription = "FitTrackWatch speichert deine Workouts (Dauer, Kalorien, Herzfrequenz) in Apple Health.";
				INFOPLIST_KEY_NSLocationWhenInUseUsageDescription = "FitTrackWatch zeichnet deine Route bei Laufen/Radfahren live auf der Karte auf.";
				INFOPLIST_KEY_UISupportedInterfaceOrientations = "UIInterfaceOrientationPortrait UIInterfaceOrientationPortraitUpsideDown";
				INFOPLIST_KEY_WKBackgroundModes = "workout-processing";
				INFOPLIST_KEY_WKCompanionAppBundleIdentifier = com.robeltsefaye.fittrackpro;
				LD_RUNPATH_SEARCH_PATHS = (
					"$(inherited)",
					"@executable_path/Frameworks",
				);
				LOCALIZATION_PREFERS_STRING_CATALOGS = YES;
				MARKETING_VERSION = 1.0;
				MTL_ENABLE_DEBUG_INFO = INCLUDE_SOURCE;
				MTL_FAST_MATH = YES;
				PRODUCT_BUNDLE_IDENTIFIER = com.robeltsefaye.fittrackpro.watchkitapp;
				PRODUCT_NAME = "$(TARGET_NAME)";
				PROVISIONING_PROFILE_SPECIFIER = "";
				SDKROOT = watchos;
				SKIP_INSTALL = YES;
				STRING_CATALOG_GENERATE_SYMBOLS = YES;
				SWIFT_ACTIVE_COMPILATION_CONDITIONS = "DEBUG $(inherited)";
				SWIFT_APPROACHABLE_CONCURRENCY = YES;
				SWIFT_DEFAULT_ACTOR_ISOLATION = MainActor;
				SWIFT_EMIT_LOC_STRINGS = YES;
				SWIFT_UPCOMING_FEATURE_MEMBER_IMPORT_VISIBILITY = YES;
				SWIFT_VERSION = 5.0;
				TARGETED_DEVICE_FAMILY = 4;
				WATCHOS_DEPLOYMENT_TARGET = 26.5;
			};
			name = Debug;
		};
		83B3EA472FFD3C0200CC951E /* Release */ = {
			isa = XCBuildConfiguration;
			buildSettings = {
				ASSETCATALOG_COMPILER_APPICON_NAME = AppIcon;
				ASSETCATALOG_COMPILER_GENERATE_SWIFT_ASSET_SYMBOL_EXTENSIONS = YES;
				ASSETCATALOG_COMPILER_GLOBAL_ACCENT_COLOR_NAME = AccentColor;
				CLANG_CXX_LANGUAGE_STANDARD = "gnu++20";
				CLANG_ENABLE_OBJC_WEAK = YES;
				CLANG_WARN_DEPRECATED_OBJC_IMPLEMENTATIONS = YES;
				CLANG_WARN_OBJC_IMPLICIT_RETAIN_SELF = YES;
				CLANG_WARN_QUOTED_INCLUDE_IN_FRAMEWORK_HEADER = YES;
				CODE_SIGN_ENTITLEMENTS = "FitTrackWatch Watch App/FitTrackWatch Watch App.entitlements";
				CODE_SIGN_IDENTITY = "Apple Development";
				CODE_SIGN_STYLE = Automatic;
				CURRENT_PROJECT_VERSION = 1;
				DEVELOPMENT_TEAM = QZNG93JKH6;
				ENABLE_PREVIEWS = YES;
				ENABLE_USER_SCRIPT_SANDBOXING = YES;
				GCC_C_LANGUAGE_STANDARD = gnu17;
				GENERATE_INFOPLIST_FILE = YES;
				INFOPLIST_KEY_CFBundleDisplayName = FitTrackWatch;
				INFOPLIST_KEY_NSHealthShareUsageDescription = "FitTrackWatch liest deine Herzfrequenz für Live-Anzeige während des Trainings.";
				INFOPLIST_KEY_NSHealthUpdateUsageDescription = "FitTrackWatch speichert deine Workouts (Dauer, Kalorien, Herzfrequenz) in Apple Health.";
				INFOPLIST_KEY_NSLocationWhenInUseUsageDescription = "FitTrackWatch zeichnet deine Route bei Laufen/Radfahren live auf der Karte auf.";
				INFOPLIST_KEY_UISupportedInterfaceOrientations = "UIInterfaceOrientationPortrait UIInterfaceOrientationPortraitUpsideDown";
				INFOPLIST_KEY_WKBackgroundModes = "workout-processing";
				INFOPLIST_KEY_WKCompanionAppBundleIdentifier = com.robeltsefaye.fittrackpro;
				LD_RUNPATH_SEARCH_PATHS = (
					"$(inherited)",
					"@executable_path/Frameworks",
				);
				LOCALIZATION_PREFERS_STRING_CATALOGS = YES;
				MARKETING_VERSION = 1.0;
				MTL_FAST_MATH = YES;
				PRODUCT_BUNDLE_IDENTIFIER = com.robeltsefaye.fittrackpro.watchkitapp;
				PRODUCT_NAME = "$(TARGET_NAME)";
				PROVISIONING_PROFILE_SPECIFIER = "";
				SDKROOT = watchos;
				SKIP_INSTALL = YES;
				STRING_CATALOG_GENERATE_SYMBOLS = YES;
				SWIFT_APPROACHABLE_CONCURRENCY = YES;
				SWIFT_DEFAULT_ACTOR_ISOLATION = MainActor;
				SWIFT_EMIT_LOC_STRINGS = YES;
				SWIFT_UPCOMING_FEATURE_MEMBER_IMPORT_VISIBILITY = YES;
				SWIFT_VERSION = 5.0;
				TARGETED_DEVICE_FAMILY = 4;
				WATCHOS_DEPLOYMENT_TARGET = 26.5;
			};
			name = Release;
		};
/* End XCBuildConfiguration section */

/* Begin XCConfigurationList section */
		504EC2FF1FED79650016851F /* Build configuration list for PBXProject "App" */ = {
			isa = XCConfigurationList;
			buildConfigurations = (
				504EC3141FED79650016851F /* Debug */,
				504EC3151FED79650016851F /* Release */,
			);
			defaultConfigurationIsVisible = 0;
			defaultConfigurationName = Release;
		};
		504EC3161FED79650016851F /* Build configuration list for PBXNativeTarget "App" */ = {
			isa = XCConfigurationList;
			buildConfigurations = (
				504EC3171FED79650016851F /* Debug */,
				504EC3181FED79650016851F /* Release */,
			);
			defaultConfigurationIsVisible = 0;
			defaultConfigurationName = Release;
		};
		830B292B2FFD4BCF0011558E /* Build configuration list for PBXNativeTarget "FitTrackComplicationExtension" */ = {
			isa = XCConfigurationList;
			buildConfigurations = (
				830B29282FFD4BCF0011558E /* Debug */,
				830B29292FFD4BCF0011558E /* Release */,
			);
			defaultConfigurationIsVisible = 0;
			defaultConfigurationName = Release;
		};
		8316D1A72FFD11FE00B74FDF /* Build configuration list for PBXNativeTarget "RestTimerWidgetExtension" */ = {
			isa = XCConfigurationList;
			buildConfigurations = (
				8316D1A42FFD11FE00B74FDF /* Debug */,
				8316D1A52FFD11FE00B74FDF /* Release */,
			);
			defaultConfigurationIsVisible = 0;
			defaultConfigurationName = Release;
		};
		83B3EA482FFD3C0200CC951E /* Build configuration list for PBXNativeTarget "FitTrackWatch Watch App" */ = {
			isa = XCConfigurationList;
			buildConfigurations = (
				83B3EA462FFD3C0200CC951E /* Debug */,
				83B3EA472FFD3C0200CC951E /* Release */,
			);
			defaultConfigurationIsVisible = 0;
			defaultConfigurationName = Release;
		};
/* End XCConfigurationList section */

/* Begin XCLocalSwiftPackageReference section */
		D4C12C0A2AAA248700AAC8A2 /* XCLocalSwiftPackageReference "CapApp-SPM" */ = {
			isa = XCLocalSwiftPackageReference;
			relativePath = "CapApp-SPM";
		};
/* End XCLocalSwiftPackageReference section */

/* Begin XCSwiftPackageProductDependency section */
		4D22ABE82AF431CB00220026 /* CapApp-SPM */ = {
			isa = XCSwiftPackageProductDependency;
			package = D4C12C0A2AAA248700AAC8A2 /* XCLocalSwiftPackageReference "CapApp-SPM" */;
			productName = "CapApp-SPM";
		};
/* End XCSwiftPackageProductDependency section */
	};
	rootObject = 504EC2FC1FED79650016851F /* Project object */;
}
